// !$*UTF8*$!
{
	archiveVersion = 1;
	classes = {
	};
	objectVersion = 50;
	objects = {

/* Begin PBXBuildFile section */
		E13D047D2383A6EA00796F81 /* AppDelegate.swift in Sources */ = {isa = PBXBuildFile; fileRef = E13D047C2383A6EA00796F81 /* AppDelegate.swift */; };
		E13D047F2383A6EA00796F81 /* ViewController.swift in Sources */ = {isa = PBXBuildFile; fileRef = E13D047E2383A6EA00796F81 /* ViewController.swift */; };
		E13D04822383A6EA00796F81 /* Main.storyboard in Resources */ = {isa = PBXBuildFile; fileRef = E13D04802383A6EA00796F81 /* Main.storyboard */; };
		E13D04852383A6EA00796F81 /* securityKey.xcdatamodeld in Sources */ = {isa = PBXBuildFile; fileRef = E13D04832383A6EA00796F81 /* securityKey.xcdatamodeld */; };
		E13D04872383A6EC00796F81 /* Assets.xcassets in Resources */ = {isa = PBXBuildFile; fileRef = E13D04862383A6EC00796F81 /* Assets.xcassets */; };
		E13D048A2383A6EC00796F81 /* LaunchScreen.storyboard in Resources */ = {isa = PBXBuildFile; fileRef = E13D04882383A6EC00796F81 /* LaunchScreen.storyboard */; };
		E13D04952383A6ED00796F81 /* securityKeyTests.swift in Sources */ = {isa = PBXBuildFile; fileRef = E13D04942383A6ED00796F81 /* securityKeyTests.swift */; };
		E13D04A02383A6ED00796F81 /* securityKeyUITests.swift in Sources */ = {isa = PBXBuildFile; fileRef = E13D049F2383A6ED00796F81 /* securityKeyUITests.swift */; };
/* End PBXBuildFile section */

/* Begin PBXContainerItemProxy section */
		E13D04912383A6ED00796F81 /* PBXContainerItemProxy */ = {
			isa = PBXContainerItemProxy;
			containerPortal = E13D04712383A6EA00796F81 /* Project object */;
			proxyType = 1;
			remoteGlobalIDString = E13D04782383A6EA00796F81;
			remoteInfo = securityKey;
		};
		E13D049C2383A6ED00796F81 /* PBXContainerItemProxy */ = {
			isa = PBXContainerItemProxy;
			containerPortal = E13D04712383A6EA00796F81 /* Project object */;
			proxyType = 1;
			remoteGlobalIDString = E13D04782383A6EA00796F81;
			remoteInfo = securityKey;
		};
/* End PBXContainerItemProxy section */

/* Begin PBXFileReference section */
		E13D04792383A6EA00796F81 /* securityKey.app */ = {isa = PBXFileReference; explicitFileType = wrapper.application; includeInIndex = 0; path = securityKey.app; sourceTree = BUILT_PRODUCTS_DIR; };
		E13D047C2383A6EA00796F81 /* AppDelegate.swift */ = {isa = PBXFileReference; lastKnownFileType = sourcecode.swift; path = AppDelegate.swift; sourceTree = "<group>"; };
		E13D047E2383A6EA00796F81 /* ViewController.swift */ = {isa = PBXFileReference; lastKnownFileType = sourcecode.swift; path = ViewController.swift; sourceTree = "<group>"; };
		E13D04812383A6EA00796F81 /* Base */ = {isa = PBXFileReference; lastKnownFileType = file.storyboard; name = Base; path = Base.lproj/Main.storyboard; sourceTree = "<group>"; };
		E13D04842383A6EA00796F81 /* securityKey.xcdatamodel */ = {isa = PBXFileReference; lastKnownFileType = wrapper.xcdatamodel; path = securityKey.xcdatamodel; sourceTree = "<group>"; };
		E13D04862383A6EC00796F81 /* Assets.xcassets */ = {isa = PBXFileReference; lastKnownFileType = folder.assetcatalog; path = Assets.xcassets; sourceTree = "<group>"; };
		E13D04892383A6EC00796F81 /* Base */ = {isa = PBXFileReference; lastKnownFileType = file.storyboard; name = Base; path = Base.lproj/LaunchScreen.storyboard; sourceTree = "<group>"; };
		E13D048B2383A6EC00796F81 /* Info.plist */ = {isa = PBXFileReference; lastKnownFileType = text.plist.xml; path = Info.plist; sourceTree = "<group>"; };
		E13D04902383A6ED00796F81 /* securityKeyTests.xctest */ = {isa = PBXFileReference; explicitFileType = wrapper.cfbundle; includeInIndex = 0; path = securityKeyTests.xctest; sourceTree = BUILT_PRODUCTS_DIR; };
		E13D04942383A6ED00796F81 /* securityKeyTests.swift */ = {isa = PBXFileReference; lastKnownFileType = sourcecode.swift; path = securityKeyTests.swift; sourceTree = "<group>"; };
		E13D04962383A6ED00796F81 /* Info.plist */ = {isa = PBXFileReference; lastKnownFileType = text.plist.xml; path = Info.plist; sourceTree = "<group>"; };
		E13D049B2383A6ED00796F81 /* securityKeyUITests.xctest */ = {isa = PBXFileReference; explicitFileType = wrapper.cfbundle; includeInIndex = 0; path = securityKeyUITests.xctest; sourceTree = BUILT_PRODUCTS_DIR; };
		E13D049F2383A6ED00796F81 /* securityKeyUITests.swift */ = {isa = PBXFileReference; lastKnownFileType = sourcecode.swift; path = securityKeyUITests.swift; sourceTree = "<group>"; };
		E13D04A12383A6ED00796F81 /* Info.plist */ = {isa = PBXFileReference; lastKnownFileType = text.plist.xml; path = Info.plist; sourceTree = "<group>"; };
/* End PBXFileReference section */

/* Begin PBXFrameworksBuildPhase section */
		E13D04762383A6EA00796F81 /* Frameworks */ = {
			isa = PBXFrameworksBuildPhase;
			buildActionMask = 2147483647;
			files = (
			);
			runOnlyForDeploymentPostprocessing = 0;
		};
		E13D048D2383A6ED00796F81 /* Frameworks */ = {
			isa = PBXFrameworksBuildPhase;
			buildActionMask = 2147483647;
			files = (
			);
			runOnlyForDeploymentPostprocessing = 0;
		};
		E13D04982383A6ED00796F81 /* Frameworks */ = {
			isa = PBXFrameworksBuildPhase;
			buildActionMask = 2147483647;
			files = (
			);
			runOnlyForDeploymentPostprocessing = 0;
		};
/* End PBXFrameworksBuildPhase section */

/* Begin PBXGroup section */
		E13D04702383A6EA00796F81 = {
			isa = PBXGroup;
			children = (
				E13D047B2383A6EA00796F81 /* securityKey */,
				E13D04932383A6ED00796F81 /* securityKeyTests */,
				E13D049E2383A6ED00796F81 /* securityKeyUITests */,
				E13D047A2383A6EA00796F81 /* Products */,
			);
			sourceTree = "<group>";
		};
		E13D047A2383A6EA00796F81 /* Products */ = {
			isa = PBXGroup;
			children = (
				E13D04792383A6EA00796F81 /* securityKey.app */,
				E13D04902383A6ED00796F81 /* securityKeyTests.xctest */,
				E13D049B2383A6ED00796F81 /* securityKeyUITests.xctest */,
			);
			name = Products;
			sourceTree = "<group>";
		};
		E13D047B2383A6EA00796F81 /* securityKey */ = {
			isa = PBXGroup;
			children = (
				E13D047C2383A6EA00796F81 /* AppDelegate.swift */,
				E13D047E2383A6EA00796F81 /* ViewController.swift */,
				E13D04802383A6EA00796F81 /* Main.storyboard */,
				E13D04862383A6EC00796F81 /* Assets.xcassets */,
				E13D04882383A6EC00796F81 /* LaunchScreen.storyboard */,
				E13D048B2383A6EC00796F81 /* Info.plist */,
				E13D04832383A6EA00796F81 /* securityKey.xcdatamodeld */,
			);
			path = securityKey;
			sourceTree = "<group>";
		};
		E13D04932383A6ED00796F81 /* securityKeyTests */ = {
			isa = PBXGroup;
			children = (
				E13D04942383A6ED00796F81 /* securityKeyTests.swift */,
				E13D04962383A6ED00796F81 /* Info.plist */,
			);
			path = securityKeyTests;
			sourceTree = "<group>";
		};
		E13D049E2383A6ED00796F81 /* securityKeyUITests */ = {
			isa = PBXGroup;
			children = (
				E13D049F2383A6ED00796F81 /* securityKeyUITests.swift */,
				E13D04A12383A6ED00796F81 /* Info.plist */,
			);
			path = securityKeyUITests;
			sourceTree = "<group>";
		};
/* End PBXGroup section */

/* Begin PBXNativeTarget section */
		E13D04782383A6EA00796F81 /* securityKey */ = {
			isa = PBXNativeTarget;
			buildConfigurationList = E13D04A42383A6ED00796F81 /* Build configuration list for PBXNativeTarget "securityKey" */;
			buildPhases = (
				E13D04752383A6EA00796F81 /* Sources */,
				E13D04762383A6EA00796F81 /* Frameworks */,
				E13D04772383A6EA00796F81 /* Resources */,
			);
			buildRules = (
			);
			dependencies = (
			);
			name = securityKey;
			productName = securityKey;
			productReference = E13D04792383A6EA00796F81 /* securityKey.app */;
			productType = "com.apple.product-type.application";
		};
		E13D048F2383A6ED00796F81 /* securityKeyTests */ = {
			isa = PBXNativeTarget;
			buildConfigurationList = E13D04A72383A6ED00796F81 /* Build configuration list for PBXNativeTarget "securityKeyTests" */;
			buildPhases = (
				E13D048C2383A6ED00796F81 /* Sources */,
				E13D048D2383A6ED00796F81 /* Frameworks */,
				E13D048E2383A6ED00796F81 /* Resources */,
			);
			buildRules = (
			);
			dependencies = (
				E13D04922383A6ED00796F81 /* PBXTargetDependency */,
			);
			name = securityKeyTests;
			productName = securityKeyTests;
			productReference = E13D04902383A6ED00796F81 /* securityKeyTests.xctest */;
			productType = "com.apple.product-type.bundle.unit-test";
		};
		E13D049A2383A6ED00796F81 /* securityKeyUITests */ = {
			isa = PBXNativeTarget;
			buildConfigurationList = E13D04AA2383A6ED00796F81 /* Build configuration list for PBXNativeTarget "securityKeyUITests" */;
			buildPhases = (
				E13D04972383A6ED00796F81 /* Sources */,
				E13D04982383A6ED00796F81 /* Frameworks */,
				E13D04992383A6ED00796F81 /* Resources */,
			);
			buildRules = (
			);
			dependencies = (
				E13D049D2383A6ED00796F81 /* PBXTargetDependency */,
			);
			name = securityKeyUITests;
			productName = securityKeyUITests;
			productReference = E13D049B2383A6ED00796F81 /* securityKeyUITests.xctest */;
			productType = "com.apple.product-type.bundle.ui-testing";
		};
/* End PBXNativeTarget section */

/* Begin PBXProject section */
		E13D04712383A6EA00796F81 /* Project object */ = {
			isa = PBXProject;
			attributes = {
				LastSwiftUpdateCheck = 1030;
				LastUpgradeCheck = 1030;
				ORGANIZATIONNAME = praveenkumar;
				TargetAttributes = {
					E13D04782383A6EA00796F81 = {
						CreatedOnToolsVersion = 10.3;
					};
					E13D048F2383A6ED00796F81 = {
						CreatedOnToolsVersion = 10.3;
						TestTargetID = E13D04782383A6EA00796F81;
					};
					E13D049A2383A6ED00796F81 = {
						CreatedOnToolsVersion = 10.3;
						TestTargetID = E13D04782383A6EA00796F81;
					};
				};
			};
			buildConfigurationList = E13D04742383A6EA00796F81 /* Build configuration list for PBXProject "securityKey" */;
			compatibilityVersion = "Xcode 9.3";
			developmentRegion = en;
			hasScannedForEncodings = 0;
			knownRegions = (
				en,
				Base,
			);
			mainGroup = E13D04702383A6EA00796F81;
			productRefGroup = E13D047A2383A6EA00796F81 /* Products */;
			projectDirPath = "";
			projectRoot = "";
			targets = (
				E13D04782383A6EA00796F81 /* securityKey */,
				E13D048F2383A6ED00796F81 /* securityKeyTests */,
				E13D049A2383A6ED00796F81 /* securityKeyUITests */,
			);
		};
/* End PBXProject section */

/* Begin PBXResourcesBuildPhase section */
		E13D04772383A6EA00796F81 /* Resources */ = {
			isa = PBXResourcesBuildPhase;
			buildActionMask = 2147483647;
			files = (
				E13D048A2383A6EC00796F81 /* LaunchScreen.storyboard in Resources */,
				E13D04872383A6EC00796F81 /* Assets.xcassets in Resources */,
				E13D04822383A6EA00796F81 /* Main.storyboard in Resources */,
			);
			runOnlyForDeploymentPostprocessing = 0;
		};
		E13D048E2383A6ED00796F81 /* Resources */ = {
			isa = PBXResourcesBuildPhase;
			buildActionMask = 2147483647;
			files = (
			);
			runOnlyForDeploymentPostprocessing = 0;
		};
		E13D04992383A6ED00796F81 /* Resources */ = {
			isa = PBXResourcesBuildPhase;
			buildActionMask = 2147483647;
			files = (
			);
			runOnlyForDeploymentPostprocessing = 0;
		};
/* End PBXResourcesBuildPhase section */

/* Begin PBXSourcesBuildPhase section */
		E13D04752383A6EA00796F81 /* Sources */ = {
			isa = PBXSourcesBuildPhase;
			buildActionMask = 2147483647;
			files = (
				E13D047F2383A6EA00796F81 /* ViewController.swift in Sources */,
				E13D04852383A6EA00796F81 /* securityKey.xcdatamodeld in Sources */,
				E13D047D2383A6EA00796F81 /* AppDelegate.swift in Sources */,
			);
			runOnlyForDeploymentPostprocessing = 0;
		};
		E13D048C2383A6ED00796F81 /* Sources */ = {
			isa = PBXSourcesBuildPhase;
			buildActionMask = 2147483647;
			files = (
				E13D04952383A6ED00796F81 /* securityKeyTests.swift in Sources */,
			);
			runOnlyForDeploymentPostprocessing = 0;
		};
		E13D04972383A6ED00796F81 /* Sources */ = {
			isa = PBXSourcesBuildPhase;
			buildActionMask = 2147483647;
			files = (
				E13D04A02383A6ED00796F81 /* securityKeyUITests.swift in Sources */,
			);
			runOnlyForDeploymentPostprocessing = 0;
		};
/* End PBXSourcesBuildPhase section */

/* Begin PBXTargetDependency section */
		E13D04922383A6ED00796F81 /* PBXTargetDependency */ = {
			isa = PBXTargetDependency;
			target = E13D04782383A6EA00796F81 /* securityKey */;
			targetProxy = E13D04912383A6ED00796F81 /* PBXContainerItemProxy */;
		};
		E13D049D2383A6ED00796F81 /* PBXTargetDependency */ = {
			isa = PBXTargetDependency;
			target = E13D04782383A6EA00796F81 /* securityKey */;
			targetProxy = E13D049C2383A6ED00796F81 /* PBXContainerItemProxy */;
		};
/* End PBXTargetDependency section */

/* Begin PBXVariantGroup section */
		E13D04802383A6EA00796F81 /* Main.storyboard */ = {
			isa = PBXVariantGroup;
			children = (
				E13D04812383A6EA00796F81 /* Base */,
			);
			name = Main.storyboard;
			sourceTree = "<group>";
		};
		E13D04882383A6EC00796F81 /* LaunchScreen.storyboard */ = {
			isa = PBXVariantGroup;
			children = (
				E13D04892383A6EC00796F81 /* Base */,
			);
			name = LaunchScreen.storyboard;
			sourceTree = "<group>";
		};
/* End PBXVariantGroup section */

/* Begin XCBuildConfiguration section */
		E13D04A22383A6ED00796F81 /* Debug */ = {
			isa = XCBuildConfiguration;
			buildSettings = {
				ALWAYS_SEARCH_USER_PATHS = NO;
				CLANG_ANALYZER_NONNULL = YES;
				CLANG_ANALYZER_NUMBER_OBJECT_CONVERSION = YES_AGGRESSIVE;
				CLANG_CXX_LANGUAGE_STANDARD = "gnu++14";
				CLANG_CXX_LIBRARY = "libc++";
				CLANG_ENABLE_MODULES = YES;
				CLANG_ENABLE_OBJC_ARC = YES;
				CLANG_ENABLE_OBJC_WEAK = YES;
				CLANG_WARN_BLOCK_CAPTURE_AUTORELEASING = YES;
				CLANG_WARN_BOOL_CONVERSION = YES;
				CLANG_WARN_COMMA = YES;
				CLANG_WARN_CONSTANT_CONVERSION = YES;
				CLANG_WARN_DEPRECATED_OBJC_IMPLEMENTATIONS = YES;
				CLANG_WARN_DIRECT_OBJC_ISA_USAGE = YES_ERROR;
				CLANG_WARN_DOCUMENTATION_COMMENTS = YES;
				CLANG_WARN_EMPTY_BODY = YES;
				CLANG_WARN_ENUM_CONVERSION = YES;
				CLANG_WARN_INFINITE_RECURSION = YES;
				CLANG_WARN_INT_CONVERSION = YES;
				CLANG_WARN_NON_LITERAL_NULL_CONVERSION = YES;
				CLANG_WARN_OBJC_IMPLICIT_RETAIN_SELF = YES;
				CLANG_WARN_OBJC_LITERAL_CONVERSION = YES;
				CLANG_WARN_OBJC_ROOT_CLASS = YES_ERROR;
				CLANG_WARN_RANGE_LOOP_ANALYSIS = YES;
				CLANG_WARN_STRICT_PROTOTYPES = YES;
				CLANG_WARN_SUSPICIOUS_MOVE = YES;
				CLANG_WARN_UNGUARDED_AVAILABILITY = YES_AGGRESSIVE;
				CLANG_WARN_UNREACHABLE_CODE = YES;
				CLANG_WARN__DUPLICATE_METHOD_MATCH = YES;
				CODE_SIGN_IDENTITY = "iPhone Developer";
				COPY_PHASE_STRIP = NO;
				DEBUG_INFORMATION_FORMAT = dwarf;
				ENABLE_STRICT_OBJC_MSGSEND = YES;
				ENABLE_TESTABILITY = YES;
				GCC_C_LANGUAGE_STANDARD = gnu11;
				GCC_DYNAMIC_NO_PIC = NO;
				GCC_NO_COMMON_BLOCKS = YES;
				GCC_OPTIMIZATION_LEVEL = 0;
				GCC_PREPROCESSOR_DEFINITIONS = (
					"DEBUG=1",
					"$(inherited)",
				);
				GCC_WARN_64_TO_32_BIT_CONVERSION = YES;
				GCC_WARN_ABOUT_RETURN_TYPE = YES_ERROR;
				GCC_WARN_UNDECLARED_SELECTOR = YES;
				GCC_WARN_UNINITIALIZED_AUTOS = YES_AGGRESSIVE;
				GCC_WARN_UNUSED_FUNCTION = YES;
				GCC_WARN_UNUSED_VARIABLE = YES;
				IPHONEOS_DEPLOYMENT_TARGET = 12.4;
				MTL_ENABLE_DEBUG_INFO = INCLUDE_SOURCE;
				MTL_FAST_MATH = YES;
				ONLY_ACTIVE_ARCH = YES;
				SDKROOT = iphoneos;
				SWIFT_ACTIVE_COMPILATION_CONDITIONS = DEBUG;
				SWIFT_OPTIMIZATION_LEVEL = "-Onone";
			};
			name = Debug;
		};
		E13D04A32383A6ED00796F81 /* Release */ = {
			isa = XCBuildConfiguration;
			buildSettings = {
				ALWAYS_SEARCH_USER_PATHS = NO;
				CLANG_ANALYZER_NONNULL = YES;
				CLANG_ANALYZER_NUMBER_OBJECT_CONVERSION = YES_AGGRESSIVE;
				CLANG_CXX_LANGUAGE_STANDARD = "gnu++14";
				CLANG_CXX_LIBRARY = "libc++";
				CLANG_ENABLE_MODULES = YES;
				CLANG_ENABLE_OBJC_ARC = YES;
				CLANG_ENABLE_OBJC_WEAK = YES;
				CLANG_WARN_BLOCK_CAPTURE_AUTORELEASING = YES;
				CLANG_WARN_BOOL_CONVERSION = YES;
				CLANG_WARN_COMMA = YES;
				CLANG_WARN_CONSTANT_CONVERSION = YES;
				CLANG_WARN_DEPRECATED_OBJC_IMPLEMENTATIONS = YES;
				CLANG_WARN_DIRECT_OBJC_ISA_USAGE = YES_ERROR;
				CLANG_WARN_DOCUMENTATION_COMMENTS = YES;
				CLANG_WARN_EMPTY_BODY = YES;
				CLANG_WARN_ENUM_CONVERSION = YES;
				CLANG_WARN_INFINITE_RECURSION = YES;
				CLANG_WARN_INT_CONVERSION = YES;
				CLANG_WARN_NON_LITERAL_NULL_CONVERSION = YES;
				CLANG_WARN_OBJC_IMPLICIT_RETAIN_SELF = YES;
				CLANG_WARN_OBJC_LITERAL_CONVERSION = YES;
				CLANG_WARN_OBJC_ROOT_CLASS = YES_ERROR;
				CLANG_WARN_RANGE_LOOP_ANALYSIS = YES;
				CLANG_WARN_STRICT_PROTOTYPES = YES;
				CLANG_WARN_SUSPICIOUS_MOVE = YES;
				CLANG_WARN_UNGUARDED_AVAILABILITY = YES_AGGRESSIVE;
				CLANG_WARN_UNREACHABLE_CODE = YES;
				CLANG_WARN__DUPLICATE_METHOD_MATCH = YES;
				CODE_SIGN_IDENTITY = "iPhone Developer";
				COPY_PHASE_STRIP = NO;
				DEBUG_INFORMATION_FORMAT = "dwarf-with-dsym";
				ENABLE_NS_ASSERTIONS = NO;
				ENABLE_STRICT_OBJC_MSGSEND = YES;
				GCC_C_LANGUAGE_STANDARD = gnu11;
				GCC_NO_COMMON_BLOCKS = YES;
				GCC_WARN_64_TO_32_BIT_CONVERSION = YES;
				GCC_WARN_ABOUT_RETURN_TYPE = YES_ERROR;
				GCC_WARN_UNDECLARED_SELECTOR = YES;
				GCC_WARN_UNINITIALIZED_AUTOS = YES_AGGRESSIVE;
				GCC_WARN_UNUSED_FUNCTION = YES;
				GCC_WARN_UNUSED_VARIABLE = YES;
				IPHONEOS_DEPLOYMENT_TARGET = 12.4;
				MTL_ENABLE_DEBUG_INFO = NO;
				MTL_FAST_MATH = YES;
				SDKROOT = iphoneos;
				SWIFT_COMPILATION_MODE = wholemodule;
				SWIFT_OPTIMIZATION_LEVEL = "-O";
				VALIDATE_PRODUCT = YES;
			};
			name = Release;
		};
		E13D04A52383A6ED00796F81 /* Debug */ = {
			isa = XCBuildConfiguration;
			buildSettings = {
				ASSETCATALOG_COMPILER_APPICON_NAME = AppIcon;
				CODE_SIGN_STYLE = Automatic;
				DEVELOPMENT_TEAM = R4PNY7Z4Y6;
				INFOPLIST_FILE = securityKey/Info.plist;
				LD_RUNPATH_SEARCH_PATHS = (
					"$(inherited)",
					"@executable_path/Frameworks",
				);
				PRODUCT_BUNDLE_IDENTIFIER = test.securityKey;
				PRODUCT_NAME = "$(TARGET_NAME)";
				SWIFT_VERSION = 5.0;
				TARGETED_DEVICE_FAMILY = "1,2";
			};
			name = Debug;
		};
		E13D04A62383A6ED00796F81 /* Release */ = {
			isa = XCBuildConfiguration;
			buildSettings = {
				ASSETCATALOG_COMPILER_APPICON_NAME = AppIcon;
				CODE_SIGN_STYLE = Automatic;
				DEVELOPMENT_TEAM = R4PNY7Z4Y6;
				INFOPLIST_FILE = securityKey/Info.plist;
				LD_RUNPATH_SEARCH_PATHS = (
					"$(inherited)",
					"@executable_path/Frameworks",
				);
				PRODUCT_BUNDLE_IDENTIFIER = test.securityKey;
				PRODUCT_NAME = "$(TARGET_NAME)";
				SWIFT_VERSION = 5.0;
				TARGETED_DEVICE_FAMILY = "1,2";
			};
			name = Release;
		};
		E13D04A82383A6ED00796F81 /* Debug */ = {
			isa = XCBuildConfiguration;
			buildSettings = {
				ALWAYS_EMBED_SWIFT_STANDARD_LIBRARIES = YES;
				BUNDLE_LOADER = "$(TEST_HOST)";
				CODE_SIGN_STYLE = Automatic;
				DEVELOPMENT_TEAM = R4PNY7Z4Y6;
				INFOPLIST_FILE = securityKeyTests/Info.plist;
				LD_RUNPATH_SEARCH_PATHS = (
					"$(inherited)",
					"@executable_path/Frameworks",
					"@loader_path/Frameworks",
				);
				PRODUCT_BUNDLE_IDENTIFIER = test.securityKeyTests;
				PRODUCT_NAME = "$(TARGET_NAME)";
				SWIFT_VERSION = 5.0;
				TARGETED_DEVICE_FAMILY = "1,2";
				TEST_HOST = "$(BUILT_PRODUCTS_DIR)/securityKey.app/securityKey";
			};
			name = Debug;
		};
		E13D04A92383A6ED00796F81 /* Release */ = {
			isa = XCBuildConfiguration;
			buildSettings = {
				ALWAYS_EMBED_SWIFT_STANDARD_LIBRARIES = YES;
				BUNDLE_LOADER = "$(TEST_HOST)";
				CODE_SIGN_STYLE = Automatic;
				DEVELOPMENT_TEAM = R4PNY7Z4Y6;
				INFOPLIST_FILE = securityKeyTests/Info.plist;
				LD_RUNPATH_SEARCH_PATHS = (
					"$(inherited)",
					"@executable_path/Frameworks",
					"@loader_path/Frameworks",
				);
				PRODUCT_BUNDLE_IDENTIFIER = test.securityKeyTests;
				PRODUCT_NAME = "$(TARGET_NAME)";
				SWIFT_VERSION = 5.0;
				TARGETED_DEVICE_FAMILY = "1,2";
				TEST_HOST = "$(BUILT_PRODUCTS_DIR)/securityKey.app/securityKey";
			};
			name = Release;
		};
		E13D04AB2383A6ED00796F81 /* Debug */ = {
			isa = XCBuildConfiguration;
			buildSettings = {
				ALWAYS_EMBED_SWIFT_STANDARD_LIBRARIES = YES;
				CODE_SIGN_STYLE = Automatic;
				DEVELOPMENT_TEAM = R4PNY7Z4Y6;
				INFOPLIST_FILE = securityKeyUITests/Info.plist;
				LD_RUNPATH_SEARCH_PATHS = (
					"$(inherited)",
					"@executable_path/Frameworks",
					"@loader_path/Frameworks",
				);
				PRODUCT_BUNDLE_IDENTIFIER = test.securityKeyUITests;
				PRODUCT_NAME = "$(TARGET_NAME)";
				SWIFT_VERSION = 5.0;
				TARGETED_DEVICE_FAMILY = "1,2";
				TEST_TARGET_NAME = securityKey;
			};
			name = Debug;
		};
		E13D04AC2383A6ED00796F81 /* Release */ = {
			isa = XCBuildConfiguration;
			buildSettings = {
				ALWAYS_EMBED_SWIFT_STANDARD_LIBRARIES = YES;
				CODE_SIGN_STYLE = Automatic;
				DEVELOPMENT_TEAM = R4PNY7Z4Y6;
				INFOPLIST_FILE = securityKeyUITests/Info.plist;
				LD_RUNPATH_SEARCH_PATHS = (
					"$(inherited)",
					"@executable_path/Frameworks",
					"@loader_path/Frameworks",
				);
				PRODUCT_BUNDLE_IDENTIFIER = test.securityKeyUITests;
				PRODUCT_NAME = "$(TARGET_NAME)";
				SWIFT_VERSION = 5.0;
				TARGETED_DEVICE_FAMILY = "1,2";
				TEST_TARGET_NAME = securityKey;
			};
			name = Release;
		};
/* End XCBuildConfiguration section */

/* Begin XCConfigurationList section */
		E13D04742383A6EA00796F81 /* Build configuration list for PBXProject "securityKey" */ = {
			isa = XCConfigurationList;
			buildConfigurations = (
				E13D04A22383A6ED00796F81 /* Debug */,
				E13D04A32383A6ED00796F81 /* Release */,
			);
			defaultConfigurationIsVisible = 0;
			defaultConfigurationName = Release;
		};
		E13D04A42383A6ED00796F81 /* Build configuration list for PBXNativeTarget "securityKey" */ = {
			isa = XCConfigurationList;
			buildConfigurations = (
				E13D04A52383A6ED00796F81 /* Debug */,
				E13D04A62383A6ED00796F81 /* Release */,
			);
			defaultConfigurationIsVisible = 0;
			defaultConfigurationName = Release;
		};
		E13D04A72383A6ED00796F81 /* Build configuration list for PBXNativeTarget "securityKeyTests" */ = {
			isa = XCConfigurationList;
			buildConfigurations = (
				E13D04A82383A6ED00796F81 /* Debug */,
				E13D04A92383A6ED00796F81 /* Release */,
			);
			defaultConfigurationIsVisible = 0;
			defaultConfigurationName = Release;
		};
		E13D04AA2383A6ED00796F81 /* Build configuration list for PBXNativeTarget "securityKeyUITests" */ = {
			isa = XCConfigurationList;
			buildConfigurations = (
				E13D04AB2383A6ED00796F81 /* Debug */,
				E13D04AC2383A6ED00796F81 /* Release */,
			);
			defaultConfigurationIsVisible = 0;
			defaultConfigurationName = Release;
		};
/* End XCConfigurationList section */

/* Begin XCVersionGroup section */
		E13D04832383A6EA00796F81 /* securityKey.xcdatamodeld */ = {
			isa = XCVersionGroup;
			children = (
				E13D04842383A6EA00796F81 /* securityKey.xcdatamodel */,
			);
			currentVersion = E13D04842383A6EA00796F81 /* securityKey.xcdatamodel */;
			path = securityKey.xcdatamodeld;
			sourceTree = "<group>";
			versionGroupType = wrapper.xcdatamodel;
		};
/* End XCVersionGroup section */
	};
	rootObject = E13D04712383A6EA00796F81 /* Project object */;
}
